schema: '2.0'
stages:
  data_ingestion:
    cmd: python src/data_ingestion.py
    deps:
    - path: src/data_ingestion.py
      hash: md5
      md5: 2c621add161420c03e6f6673ae5a3d45
      size: 3813
    params:
      params.yaml:
        data_ingestion.test_size: 0.2
    outs:
    - path: data/raw_data
      hash: md5
      md5: 4199f746150df976537168b241fbe224.dir
      size: 479272
      nfiles: 2
  data_preprocessing:
    cmd: python src/data_preprocessing.py
    deps:
    - path: data/raw_data
      hash: md5
      md5: 4199f746150df976537168b241fbe224.dir
      size: 479272
      nfiles: 2
    - path: src/data_preprocessing.py
      hash: md5
      md5: c980d6cb024169d51b38ffe92d4c424f
      size: 3573
    outs:
    - path: data/processed_data
      hash: md5
      md5: 572117bafad89987bd3675bf38f4d4bd.dir
      size: 256622
      nfiles: 2
  feature_engineering:
    cmd: python src/feature_engineering.py
    deps:
    - path: data/processed_data
      hash: md5
      md5: 572117bafad89987bd3675bf38f4d4bd.dir
      size: 256622
      nfiles: 2
    - path: src/feature_engineering.py
      hash: md5
      md5: 1f60c65d0d3579245ef24e6ef424713f
      size: 3482
    params:
      params.yaml:
        feature_engineering.max_features: 500
    outs:
    - path: data/feature_engineered_data
      hash: md5
      md5: aa808543345e512047504507806a855e.dir
      size: 10976359
      nfiles: 2
  model_training:
    cmd: python src/model_training.py
    deps:
    - path: data/feature_engineered_data
      hash: md5
      md5: aa808543345e512047504507806a855e.dir
      size: 10976359
      nfiles: 2
    - path: src/model_training.py
      hash: md5
      md5: 849775c7aacb5cd04a4ed0630f01736c
      size: 4043
    params:
      params.yaml:
        model_training.n_estimators: 50
        model_training.random_state: 2
    outs:
    - path: models/random_forest_model.pkl
      hash: md5
      md5: 3afd835c4ecaea05dc53eb6fa0faa139
      size: 3432567
  model_evaluation:
    cmd: python src/model_evaluation.py
    deps:
    - path: data/feature_engineered_data
      hash: md5
      md5: aa808543345e512047504507806a855e.dir
      size: 10976359
      nfiles: 2
    - path: models/random_forest_model.pkl
      hash: md5
      md5: 3afd835c4ecaea05dc53eb6fa0faa139
      size: 3432567
    - path: src/model_evaluation.py
      hash: md5
      md5: 98f185ead0c9d5d6cb0b22edc002e7c8
      size: 4481
    outs:
    - path: reports/metrics.json
      hash: md5
      md5: 91a279fea3e34dc02eac78c3f403ce36
      size: 127
